// !$*UTF8*$!
{
	archiveVersion = 1;
	classes = {
	};
	objectVersion = 50;
	objects = {

/* Begin PBXBuildFile section */
		0D1BE39C229928C100528E0E /* GameElements.swift in Sources */ = {isa = PBXBuildFile; fileRef = 0D1BE39B229928C100528E0E /* GameElements.swift */; };
		0D1BE3A12299295900528E0E /* player.png in Resources */ = {isa = PBXBuildFile; fileRef = 0D1BE39D2299295900528E0E /* player.png */; };
		0D1BE3A22299295900528E0E /* chibi-lose.png in Resources */ = {isa = PBXBuildFile; fileRef = 0D1BE39E2299295900528E0E /* chibi-lose.png */; };
		0D1BE3A32299295900528E0E /* chibi.png in Resources */ = {isa = PBXBuildFile; fileRef = 0D1BE39F2299295900528E0E /* chibi.png */; };
		0D1BE3A42299295900528E0E /* obstacle.png in Resources */ = {isa = PBXBuildFile; fileRef = 0D1BE3A02299295900528E0E /* obstacle.png */; };
		0D1BE3A622992F6400528E0E /* ground.png in Resources */ = {isa = PBXBuildFile; fileRef = 0D1BE3A522992F6400528E0E /* ground.png */; };
		0D1BE3A8229935CA00528E0E /* buttonRight.png in Resources */ = {isa = PBXBuildFile; fileRef = 0D1BE3A7229935CA00528E0E /* buttonRight.png */; };
		0D1BE3AB2299386B00528E0E /* buttonLeft.png in Resources */ = {isa = PBXBuildFile; fileRef = 0D1BE3A92299386B00528E0E /* buttonLeft.png */; };
		0D1BE3AC2299386B00528E0E /* buttonJump.png in Resources */ = {isa = PBXBuildFile; fileRef = 0D1BE3AA2299386B00528E0E /* buttonJump.png */; };
		0D4DB065229AD489009FFAA1 /* petir.png in Resources */ = {isa = PBXBuildFile; fileRef = 0D4DB061229AD489009FFAA1 /* petir.png */; };
		0D4DB066229AD489009FFAA1 /* background.png in Resources */ = {isa = PBXBuildFile; fileRef = 0D4DB062229AD489009FFAA1 /* background.png */; };
		0D4DB067229AD489009FFAA1 /* awan.png in Resources */ = {isa = PBXBuildFile; fileRef = 0D4DB063229AD489009FFAA1 /* awan.png */; };
		0D4DB06A229AD7DC009FFAA1 /* home.png in Resources */ = {isa = PBXBuildFile; fileRef = 0D4DB069229AD7DC009FFAA1 /* home.png */; };
		0D4DB06C229AD851009FFAA1 /* chibi-left.png in Resources */ = {isa = PBXBuildFile; fileRef = 0D4DB06B229AD851009FFAA1 /* chibi-left.png */; };
		0D4DB070229AE8FE009FFAA1 /* buttonRestart.png in Resources */ = {isa = PBXBuildFile; fileRef = 0D4DB06F229AE8FE009FFAA1 /* buttonRestart.png */; };
		0D85DDED229B727100D82C6A /* logo 3x.png in Resources */ = {isa = PBXBuildFile; fileRef = 0D85DDEB229B727100D82C6A /* logo 3x.png */; };
		0D85DDEF229B72C000D82C6A /* logo 2x.png in Resources */ = {isa = PBXBuildFile; fileRef = 0D85DDEE229B72C000D82C6A /* logo 2x.png */; };
		0DABA6C52298EC5000F902F5 /* AppDelegate.swift in Sources */ = {isa = PBXBuildFile; fileRef = 0DABA6C42298EC5000F902F5 /* AppDelegate.swift */; };
		0DABA6C72298EC5000F902F5 /* GameScene.sks in Resources */ = {isa = PBXBuildFile; fileRef = 0DABA6C62298EC5000F902F5 /* GameScene.sks */; };
		0DABA6C92298EC5000F902F5 /* Actions.sks in Resources */ = {isa = PBXBuildFile; fileRef = 0DABA6C82298EC5000F902F5 /* Actions.sks */; };
		0DABA6CB2298EC5000F902F5 /* GameScene.swift in Sources */ = {isa = PBXBuildFile; fileRef = 0DABA6CA2298EC5000F902F5 /* GameScene.swift */; };
		0DABA6CD2298EC5000F902F5 /* GameViewController.swift in Sources */ = {isa = PBXBuildFile; fileRef = 0DABA6CC2298EC5000F902F5 /* GameViewController.swift */; };
		0DABA6D02298EC5000F902F5 /* Main.storyboard in Resources */ = {isa = PBXBuildFile; fileRef = 0DABA6CE2298EC5000F902F5 /* Main.storyboard */; };
		0DABA6D22298EC5200F902F5 /* Assets.xcassets in Resources */ = {isa = PBXBuildFile; fileRef = 0DABA6D12298EC5200F902F5 /* Assets.xcassets */; };
		0DABA6D52298EC5200F902F5 /* LaunchScreen.storyboard in Resources */ = {isa = PBXBuildFile; fileRef = 0DABA6D32298EC5200F902F5 /* LaunchScreen.storyboard */; };
/* End PBXBuildFile section */

/* Begin PBXFileReference section */
		0D1BE39B229928C100528E0E /* GameElements.swift */ = {isa = PBXFileReference; lastKnownFileType = sourcecode.swift; path = GameElements.swift; sourceTree = "<group>"; };
		0D1BE39D2299295900528E0E /* player.png */ = {isa = PBXFileReference; lastKnownFileType = image.png; path = player.png; sourceTree = "<group>"; };
		0D1BE39E2299295900528E0E /* chibi-lose.png */ = {isa = PBXFileReference; lastKnownFileType = image.png; path = "chibi-lose.png"; sourceTree = "<group>"; };
		0D1BE39F2299295900528E0E /* chibi.png */ = {isa = PBXFileReference; lastKnownFileType = image.png; path = chibi.png; sourceTree = "<group>"; };
		0D1BE3A02299295900528E0E /* obstacle.png */ = {isa = PBXFileReference; lastKnownFileType = image.png; path = obstacle.png; sourceTree = "<group>"; };
		0D1BE3A522992F6400528E0E /* ground.png */ = {isa = PBXFileReference; lastKnownFileType = image.png; path = ground.png; sourceTree = "<group>"; };
		0D1BE3A7229935CA00528E0E /* buttonRight.png */ = {isa = PBXFileReference; lastKnownFileType = image.png; path = buttonRight.png; sourceTree = "<group>"; };
		0D1BE3A92299386B00528E0E /* buttonLeft.png */ = {isa = PBXFileReference; lastKnownFileType = image.png; path = buttonLeft.png; sourceTree = "<group>"; };
		0D1BE3AA2299386B00528E0E /* buttonJump.png */ = {isa = PBXFileReference; lastKnownFileType = image.png; path = buttonJump.png; sourceTree = "<group>"; };
		0D4DB061229AD489009FFAA1 /* petir.png */ = {isa = PBXFileReference; lastKnownFileType = image.png; path = petir.png; sourceTree = "<group>"; };
		0D4DB062229AD489009FFAA1 /* background.png */ = {isa = PBXFileReference; lastKnownFileType = image.png; path = background.png; sourceTree = "<group>"; };
		0D4DB063229AD489009FFAA1 /* awan.png */ = {isa = PBXFileReference; lastKnownFileType = image.png; path = awan.png; sourceTree = "<group>"; };
		0D4DB069229AD7DC009FFAA1 /* home.png */ = {isa = PBXFileReference; lastKnownFileType = image.png; path = home.png; sourceTree = "<group>"; };
		0D4DB06B229AD851009FFAA1 /* chibi-left.png */ = {isa = PBXFileReference; lastKnownFileType = image.png; path = "chibi-left.png"; sourceTree = "<group>"; };
		0D4DB06F229AE8FE009FFAA1 /* buttonRestart.png */ = {isa = PBXFileReference; lastKnownFileType = image.png; path = buttonRestart.png; sourceTree = "<group>"; };
		0D85DDEB229B727100D82C6A /* logo 3x.png */ = {isa = PBXFileReference; lastKnownFileType = image.png; path = "logo 3x.png"; sourceTree = "<group>"; };
		0D85DDEE229B72C000D82C6A /* logo 2x.png */ = {isa = PBXFileReference; lastKnownFileType = image.png; path = "logo 2x.png"; sourceTree = "<group>"; };
		0DABA6C12298EC5000F902F5 /* Bring me Home.app */ = {isa = PBXFileReference; explicitFileType = wrapper.application; includeInIndex = 0; path = "Bring me Home.app"; sourceTree = BUILT_PRODUCTS_DIR; };
		0DABA6C42298EC5000F902F5 /* AppDelegate.swift */ = {isa = PBXFileReference; lastKnownFileType = sourcecode.swift; path = AppDelegate.swift; sourceTree = "<group>"; };
		0DABA6C62298EC5000F902F5 /* GameScene.sks */ = {isa = PBXFileReference; lastKnownFileType = file.sks; path = GameScene.sks; sourceTree = "<group>"; };
		0DABA6C82298EC5000F902F5 /* Actions.sks */ = {isa = PBXFileReference; lastKnownFileType = file.sks; path = Actions.sks; sourceTree = "<group>"; };
		0DABA6CA2298EC5000F902F5 /* GameScene.swift */ = {isa = PBXFileReference; lastKnownFileType = sourcecode.swift; path = GameScene.swift; sourceTree = "<group>"; };
		0DABA6CC2298EC5000F902F5 /* GameViewController.swift */ = {isa = PBXFileReference; lastKnownFileType = sourcecode.swift; path = GameViewController.swift; sourceTree = "<group>"; };
		0DABA6CF2298EC5000F902F5 /* Base */ = {isa = PBXFileReference; lastKnownFileType = file.storyboard; name = Base; path = Base.lproj/Main.storyboard; sourceTree = "<group>"; };
		0DABA6D12298EC5200F902F5 /* Assets.xcassets */ = {isa = PBXFileReference; lastKnownFileType = folder.assetcatalog; path = Assets.xcassets; sourceTree = "<group>"; };
		0DABA6D42298EC5200F902F5 /* Base */ = {isa = PBXFileReference; lastKnownFileType = file.storyboard; name = Base; path = Base.lproj/LaunchScreen.storyboard; sourceTree = "<group>"; };
		0DABA6D62298EC5200F902F5 /* Info.plist */ = {isa = PBXFileReference; lastKnownFileType = text.plist.xml; path = Info.plist; sourceTree = "<group>"; };
/* End PBXFileReference section */

/* Begin PBXFrameworksBuildPhase section */
		0DABA6BE2298EC5000F902F5 /* Frameworks */ = {
			isa = PBXFrameworksBuildPhase;
			buildActionMask = 2147483647;
			files = (
			);
			runOnlyForDeploymentPostprocessing = 0;
		};
/* End PBXFrameworksBuildPhase section */

/* Begin PBXGroup section */
		0D1BE39A229915DE00528E0E /* Resources */ = {
			isa = PBXGroup;
			children = (
				0D85DDEE229B72C000D82C6A /* logo 2x.png */,
				0D85DDEB229B727100D82C6A /* logo 3x.png */,
				0D4DB06F229AE8FE009FFAA1 /* buttonRestart.png */,
				0D4DB06B229AD851009FFAA1 /* chibi-left.png */,
				0D4DB069229AD7DC009FFAA1 /* home.png */,
				0D4DB063229AD489009FFAA1 /* awan.png */,
				0D4DB062229AD489009FFAA1 /* background.png */,
				0D4DB061229AD489009FFAA1 /* petir.png */,
				0D1BE3AA2299386B00528E0E /* buttonJump.png */,
				0D1BE3A92299386B00528E0E /* buttonLeft.png */,
				0D1BE3A7229935CA00528E0E /* buttonRight.png */,
				0D1BE3A522992F6400528E0E /* ground.png */,
				0D1BE39E2299295900528E0E /* chibi-lose.png */,
				0D1BE39F2299295900528E0E /* chibi.png */,
				0D1BE3A02299295900528E0E /* obstacle.png */,
				0D1BE39D2299295900528E0E /* player.png */,
			);
			path = Resources;
			sourceTree = "<group>";
		};
		0DABA6B82298EC5000F902F5 = {
			isa = PBXGroup;
			children = (
				0D1BE39A229915DE00528E0E /* Resources */,
				0DABA6C32298EC5000F902F5 /* Bring me Home */,
				0DABA6C22298EC5000F902F5 /* Products */,
			);
			sourceTree = "<group>";
		};
		0DABA6C22298EC5000F902F5 /* Products */ = {
			isa = PBXGroup;
			children = (
				0DABA6C12298EC5000F902F5 /* Bring me Home.app */,
			);
			name = Products;
			sourceTree = "<group>";
		};
		0DABA6C32298EC5000F902F5 /* Bring me Home */ = {
			isa = PBXGroup;
			children = (
				0DABA6C42298EC5000F902F5 /* AppDelegate.swift */,
				0DABA6C62298EC5000F902F5 /* GameScene.sks */,
				0DABA6C82298EC5000F902F5 /* Actions.sks */,
				0DABA6CA2298EC5000F902F5 /* GameScene.swift */,
				0D1BE39B229928C100528E0E /* GameElements.swift */,
				0DABA6CC2298EC5000F902F5 /* GameViewController.swift */,
				0DABA6CE2298EC5000F902F5 /* Main.storyboard */,
				0DABA6D12298EC5200F902F5 /* Assets.xcassets */,
				0DABA6D32298EC5200F902F5 /* LaunchScreen.storyboard */,
				0DABA6D62298EC5200F902F5 /* Info.plist */,
			);
			path = "Bring me Home";
			sourceTree = "<group>";
		};
/* End PBXGroup section */

/* Begin PBXNativeTarget section */
		0DABA6C02298EC5000F902F5 /* Bring me Home */ = {
			isa = PBXNativeTarget;
			buildConfigurationList = 0DABA6D92298EC5200F902F5 /* Build configuration list for PBXNativeTarget "Bring me Home" */;
			buildPhases = (
				0DABA6BD2298EC5000F902F5 /* Sources */,
				0DABA6BE2298EC5000F902F5 /* Frameworks */,
				0DABA6BF2298EC5000F902F5 /* Resources */,
			);
			buildRules = (
			);
			dependencies = (
			);
			name = "Bring me Home";
			productName = "Bring me Home";
			productReference = 0DABA6C12298EC5000F902F5 /* Bring me Home.app */;
			productType = "com.apple.product-type.application";
		};
/* End PBXNativeTarget section */

/* Begin PBXProject section */
		0DABA6B92298EC5000F902F5 /* Project object */ = {
			isa = PBXProject;
			attributes = {
				LastSwiftUpdateCheck = 1020;
				LastUpgradeCheck = 1020;
				ORGANIZATIONNAME = bejohen;
				TargetAttributes = {
					0DABA6C02298EC5000F902F5 = {
						CreatedOnToolsVersion = 10.2.1;
					};
				};
			};
			buildConfigurationList = 0DABA6BC2298EC5000F902F5 /* Build configuration list for PBXProject "Bring me Home" */;
			compatibilityVersion = "Xcode 9.3";
			developmentRegion = en;
			hasScannedForEncodings = 0;
			knownRegions = (
				en,
				Base,
			);
			mainGroup = 0DABA6B82298EC5000F902F5;
			productRefGroup = 0DABA6C22298EC5000F902F5 /* Products */;
			projectDirPath = "";
			projectRoot = "";
			targets = (
				0DABA6C02298EC5000F902F5 /* Bring me Home */,
			);
		};
/* End PBXProject section */

/* Begin PBXResourcesBuildPhase section */
		0DABA6BF2298EC5000F902F5 /* Resources */ = {
			isa = PBXResourcesBuildPhase;
			buildActionMask = 2147483647;
			files = (
				0D4DB065229AD489009FFAA1 /* petir.png in Resources */,
				0D4DB066229AD489009FFAA1 /* background.png in Resources */,
				0D4DB06A229AD7DC009FFAA1 /* home.png in Resources */,
				0D4DB067229AD489009FFAA1 /* awan.png in Resources */,
				0D4DB06C229AD851009FFAA1 /* chibi-left.png in Resources */,
				0DABA6D02298EC5000F902F5 /* Main.storyboard in Resources */,
				0D1BE3AC2299386B00528E0E /* buttonJump.png in Resources */,
				0DABA6C72298EC5000F902F5 /* GameScene.sks in Resources */,
				0D85DDED229B727100D82C6A /* logo 3x.png in Resources */,
				0D1BE3A8229935CA00528E0E /* buttonRight.png in Resources */,
				0D1BE3A12299295900528E0E /* player.png in Resources */,
				0D1BE3A42299295900528E0E /* obstacle.png in Resources */,
				0D1BE3A622992F6400528E0E /* ground.png in Resources */,
				0D1BE3A32299295900528E0E /* chibi.png in Resources */,
				0D85DDEF229B72C000D82C6A /* logo 2x.png in Resources */,
				0D4DB070229AE8FE009FFAA1 /* buttonRestart.png in Resources */,
				0DABA6D22298EC5200F902F5 /* Assets.xcassets in Resources */,
				0D1BE3AB2299386B00528E0E /* buttonLeft.png in Resources */,
				0D1BE3A22299295900528E0E /* chibi-lose.png in Resources */,
				0DABA6D52298EC5200F902F5 /* LaunchScreen.storyboard in Resources */,
				0DABA6C92298EC5000F902F5 /* Actions.sks in Resources */,
			);
			runOnlyForDeploymentPostprocessing = 0;
		};
/* End PBXResourcesBuildPhase section */

/* Begin PBXSourcesBuildPhase section */
		0DABA6BD2298EC5000F902F5 /* Sources */ = {
			isa = PBXSourcesBuildPhase;
			buildActionMask = 2147483647;
			files = (
				0D1BE39C229928C100528E0E /* GameElements.swift in Sources */,
				0DABA6CB2298EC5000F902F5 /* GameScene.swift in Sources */,
				0DABA6CD2298EC5000F902F5 /* GameViewController.swift in Sources */,
				0DABA6C52298EC5000F902F5 /* AppDelegate.swift in Sources */,
			);
			runOnlyForDeploymentPostprocessing = 0;
		};
/* End PBXSourcesBuildPhase section */

/* Begin PBXVariantGroup section */
		0DABA6CE2298EC5000F902F5 /* Main.storyboard */ = {
			isa = PBXVariantGroup;
			children = (
				0DABA6CF2298EC5000F902F5 /* Base */,
			);
			name = Main.storyboard;
			sourceTree = "<group>";
		};
		0DABA6D32298EC5200F902F5 /* LaunchScreen.storyboard */ = {
			isa = PBXVariantGroup;
			children = (
				0DABA6D42298EC5200F902F5 /* Base */,
			);
			name = LaunchScreen.storyboard;
			sourceTree = "<group>";
		};
/* End PBXVariantGroup section */

/* Begin XCBuildConfiguration section */
		0DABA6D72298EC5200F902F5 /* Debug */ = {
			isa = XCBuildConfiguration;
			buildSettings = {
				ALWAYS_SEARCH_USER_PATHS = NO;
				CLANG_ANALYZER_NONNULL = YES;
				CLANG_ANALYZER_NUMBER_OBJECT_CONVERSION = YES_AGGRESSIVE;
				CLANG_CXX_LANGUAGE_STANDARD = "gnu++14";
				CLANG_CXX_LIBRARY = "libc++";
				CLANG_ENABLE_MODULES = YES;
				CLANG_ENABLE_OBJC_ARC = YES;
				CLANG_ENABLE_OBJC_WEAK = YES;
				CLANG_WARN_BLOCK_CAPTURE_AUTORELEASING = YES;
				CLANG_WARN_BOOL_CONVERSION = YES;
				CLANG_WARN_COMMA = YES;
				CLANG_WARN_CONSTANT_CONVERSION = YES;
				CLANG_WARN_DEPRECATED_OBJC_IMPLEMENTATIONS = YES;
				CLANG_WARN_DIRECT_OBJC_ISA_USAGE = YES_ERROR;
				CLANG_WARN_DOCUMENTATION_COMMENTS = YES;
				CLANG_WARN_EMPTY_BODY = YES;
				CLANG_WARN_ENUM_CONVERSION = YES;
				CLANG_WARN_INFINITE_RECURSION = YES;
				CLANG_WARN_INT_CONVERSION = YES;
				CLANG_WARN_NON_LITERAL_NULL_CONVERSION = YES;
				CLANG_WARN_OBJC_IMPLICIT_RETAIN_SELF = YES;
				CLANG_WARN_OBJC_LITERAL_CONVERSION = YES;
				CLANG_WARN_OBJC_ROOT_CLASS = YES_ERROR;
				CLANG_WARN_RANGE_LOOP_ANALYSIS = YES;
				CLANG_WARN_STRICT_PROTOTYPES = YES;
				CLANG_WARN_SUSPICIOUS_MOVE = YES;
				CLANG_WARN_UNGUARDED_AVAILABILITY = YES_AGGRESSIVE;
				CLANG_WARN_UNREACHABLE_CODE = YES;
				CLANG_WARN__DUPLICATE_METHOD_MATCH = YES;
				CODE_SIGN_IDENTITY = "iPhone Developer";
				COPY_PHASE_STRIP = NO;
				DEBUG_INFORMATION_FORMAT = dwarf;
				ENABLE_STRICT_OBJC_MSGSEND = YES;
				ENABLE_TESTABILITY = YES;
				GCC_C_LANGUAGE_STANDARD = gnu11;
				GCC_DYNAMIC_NO_PIC = NO;
				GCC_NO_COMMON_BLOCKS = YES;
				GCC_OPTIMIZATION_LEVEL = 0;
				GCC_PREPROCESSOR_DEFINITIONS = (
					"DEBUG=1",
					"$(inherited)",
				);
				GCC_WARN_64_TO_32_BIT_CONVERSION = YES;
				GCC_WARN_ABOUT_RETURN_TYPE = YES_ERROR;
				GCC_WARN_UNDECLARED_SELECTOR = YES;
				GCC_WARN_UNINITIALIZED_AUTOS = YES_AGGRESSIVE;
				GCC_WARN_UNUSED_FUNCTION = YES;
				GCC_WARN_UNUSED_VARIABLE = YES;
				IPHONEOS_DEPLOYMENT_TARGET = 12.2;
				MTL_ENABLE_DEBUG_INFO = INCLUDE_SOURCE;
				MTL_FAST_MATH = YES;
				ONLY_ACTIVE_ARCH = YES;
				SDKROOT = iphoneos;
				SWIFT_ACTIVE_COMPILATION_CONDITIONS = DEBUG;
				SWIFT_OPTIMIZATION_LEVEL = "-Onone";
			};
			name = Debug;
		};
		0DABA6D82298EC5200F902F5 /* Release */ = {
			isa = XCBuildConfiguration;
			buildSettings = {
				ALWAYS_SEARCH_USER_PATHS = NO;
				CLANG_ANALYZER_NONNULL = YES;
				CLANG_ANALYZER_NUMBER_OBJECT_CONVERSION = YES_AGGRESSIVE;
				CLANG_CXX_LANGUAGE_STANDARD = "gnu++14";
				CLANG_CXX_LIBRARY = "libc++";
				CLANG_ENABLE_MODULES = YES;
				CLANG_ENABLE_OBJC_ARC = YES;
				CLANG_ENABLE_OBJC_WEAK = YES;
				CLANG_WARN_BLOCK_CAPTURE_AUTORELEASING = YES;
				CLANG_WARN_BOOL_CONVERSION = YES;
				CLANG_WARN_COMMA = YES;
				CLANG_WARN_CONSTANT_CONVERSION = YES;
				CLANG_WARN_DEPRECATED_OBJC_IMPLEMENTATIONS = YES;
				CLANG_WARN_DIRECT_OBJC_ISA_USAGE = YES_ERROR;
				CLANG_WARN_DOCUMENTATION_COMMENTS = YES;
				CLANG_WARN_EMPTY_BODY = YES;
				CLANG_WARN_ENUM_CONVERSION = YES;
				CLANG_WARN_INFINITE_RECURSION = YES;
				CLANG_WARN_INT_CONVERSION = YES;
				CLANG_WARN_NON_LITERAL_NULL_CONVERSION = YES;
				CLANG_WARN_OBJC_IMPLICIT_RETAIN_SELF = YES;
				CLANG_WARN_OBJC_LITERAL_CONVERSION = YES;
				CLANG_WARN_OBJC_ROOT_CLASS = YES_ERROR;
				CLANG_WARN_RANGE_LOOP_ANALYSIS = YES;
				CLANG_WARN_STRICT_PROTOTYPES = YES;
				CLANG_WARN_SUSPICIOUS_MOVE = YES;
				CLANG_WARN_UNGUARDED_AVAILABILITY = YES_AGGRESSIVE;
				CLANG_WARN_UNREACHABLE_CODE = YES;
				CLANG_WARN__DUPLICATE_METHOD_MATCH = YES;
				CODE_SIGN_IDENTITY = "iPhone Developer";
				COPY_PHASE_STRIP = NO;
				DEBUG_INFORMATION_FORMAT = "dwarf-with-dsym";
				ENABLE_NS_ASSERTIONS = NO;
				ENABLE_STRICT_OBJC_MSGSEND = YES;
				GCC_C_LANGUAGE_STANDARD = gnu11;
				GCC_NO_COMMON_BLOCKS = YES;
				GCC_WARN_64_TO_32_BIT_CONVERSION = YES;
				GCC_WARN_ABOUT_RETURN_TYPE = YES_ERROR;
				GCC_WARN_UNDECLARED_SELECTOR = YES;
				GCC_WARN_UNINITIALIZED_AUTOS = YES_AGGRESSIVE;
				GCC_WARN_UNUSED_FUNCTION = YES;
				GCC_WARN_UNUSED_VARIABLE = YES;
				IPHONEOS_DEPLOYMENT_TARGET = 12.2;
				MTL_ENABLE_DEBUG_INFO = NO;
				MTL_FAST_MATH = YES;
				SDKROOT = iphoneos;
				SWIFT_COMPILATION_MODE = wholemodule;
				SWIFT_OPTIMIZATION_LEVEL = "-O";
				VALIDATE_PRODUCT = YES;
			};
			name = Release;
		};
		0DABA6DA2298EC5200F902F5 /* Debug */ = {
			isa = XCBuildConfiguration;
			buildSettings = {
				ASSETCATALOG_COMPILER_APPICON_NAME = AppIcon;
				CODE_SIGN_STYLE = Automatic;
				DEVELOPMENT_TEAM = 2866F3532W;
				INFOPLIST_FILE = "Bring me Home/Info.plist";
				LD_RUNPATH_SEARCH_PATHS = (
					"$(inherited)",
					"@executable_path/Frameworks",
				);
				PRODUCT_BUNDLE_IDENTIFIER = "com.bejohen.Bring-me-Home";
				PRODUCT_NAME = "$(TARGET_NAME)";
				SWIFT_VERSION = 5.0;
				TARGETED_DEVICE_FAMILY = "1,2";
			};
			name = Debug;
		};
		0DABA6DB2298EC5200F902F5 /* Release */ = {
			isa = XCBuildConfiguration;
			buildSettings = {
				ASSETCATALOG_COMPILER_APPICON_NAME = AppIcon;
				CODE_SIGN_STYLE = Automatic;
				DEVELOPMENT_TEAM = 2866F3532W;
				INFOPLIST_FILE = "Bring me Home/Info.plist";
				LD_RUNPATH_SEARCH_PATHS = (
					"$(inherited)",
					"@executable_path/Frameworks",
				);
				PRODUCT_BUNDLE_IDENTIFIER = "com.bejohen.Bring-me-Home";
				PRODUCT_NAME = "$(TARGET_NAME)";
				SWIFT_VERSION = 5.0;
				TARGETED_DEVICE_FAMILY = "1,2";
			};
			name = Release;
		};
/* End XCBuildConfiguration section */

/* Begin XCConfigurationList section */
		0DABA6BC2298EC5000F902F5 /* Build configuration list for PBXProject "Bring me Home" */ = {
			isa = XCConfigurationList;
			buildConfigurations = (
				0DABA6D72298EC5200F902F5 /* Debug */,
				0DABA6D82298EC5200F902F5 /* Release */,
			);
			defaultConfigurationIsVisible = 0;
			defaultConfigurationName = Release;
		};
		0DABA6D92298EC5200F902F5 /* Build configuration list for PBXNativeTarget "Bring me Home" */ = {
			isa = XCConfigurationList;
			buildConfigurations = (
				0DABA6DA2298EC5200F902F5 /* Debug */,
				0DABA6DB2298EC5200F902F5 /* Release */,
			);
			defaultConfigurationIsVisible = 0;
			defaultConfigurationName = Release;
		};
/* End XCConfigurationList section */
	};
	rootObject = 0DABA6B92298EC5000F902F5 /* Project object */;
}
